
Microsoft Visual Studio Solution File, Format Version 12.00
# Visual Studio Version 16
VisualStudioVersion = 16.0.30225.117
MinimumVisualStudioVersion = 10.0.40219.1
Project("{FAE04EC0-301F-11D3-BF4B-00C04F79EFBC}") = "WindowsFormsApp30", "WindowsFormsApp30\WindowsFormsApp30.csproj", "{C5BFE454-88E7-4A62-8E18-BD7EE09DE9D7}"
EndProject
Global
	GlobalSection(SolutionConfigurationPlatforms) = preSolution
		Debug|Any CPU = Debug|Any CPU
		Release|Any CPU = Release|Any CPU
	EndGlobalSection
	GlobalSection(ProjectConfigurationPlatforms) = postSolution
		{C5BFE454-88E7-4A62-8E18-BD7EE09DE9D7}.Debug|Any CPU.ActiveCfg = Debug|Any CPU
		{C5BFE454-88E7-4A62-8E18-BD7EE09DE9D7}.Debug|Any CPU.Build.0 = Debug|Any CPU
		{C5BFE454-88E7-4A62-8E18-BD7EE09DE9D7}.Release|Any CPU.ActiveCfg = Release|Any CPU
		{C5BFE454-88E7-4A62-8E18-BD7EE09DE9D7}.Release|Any CPU.Build.0 = Release|Any CPU
	EndGlobalSection
	GlobalSection(SolutionProperties) = preSolution
		HideSolutionNode = FALSE
	EndGlobalSection
	GlobalSection(ExtensibilityGlobals) = postSolution
		SolutionGuid = {B3059B7B-01F4-4D59-AA68-976AD335DB1D}
	EndGlobalSection
EndGlobal
